// !$*UTF8*$!
{
	archiveVersion = 1;
	classes = {
	};
	objectVersion = 50;
	objects = {

/* Begin PBXBuildFile section */
		830EFAC926580AB00011682D /* TableViewCell.swift in Sources */ = {isa = PBXBuildFile; fileRef = 830EFAC826580AB00011682D /* TableViewCell.swift */; };
		830EFACE2658239A0011682D /* DetailViewController.swift in Sources */ = {isa = PBXBuildFile; fileRef = 830EFACD2658239A0011682D /* DetailViewController.swift */; };
		830EFAD026583C4A0011682D /* DetailView.swift in Sources */ = {isa = PBXBuildFile; fileRef = 830EFACF26583C4A0011682D /* DetailView.swift */; };
		830EFAD22658421C0011682D /* DetailTableViewCell.swift in Sources */ = {isa = PBXBuildFile; fileRef = 830EFAD12658421C0011682D /* DetailTableViewCell.swift */; };
		8375B2E02657D20500B6B119 /* AppDelegate.swift in Sources */ = {isa = PBXBuildFile; fileRef = 8375B2DF2657D20500B6B119 /* AppDelegate.swift */; };
		8375B2E22657D20500B6B119 /* SceneDelegate.swift in Sources */ = {isa = PBXBuildFile; fileRef = 8375B2E12657D20500B6B119 /* SceneDelegate.swift */; };
		8375B2E42657D20500B6B119 /* ViewController.swift in Sources */ = {isa = PBXBuildFile; fileRef = 8375B2E32657D20500B6B119 /* ViewController.swift */; };
		8375B2E72657D20500B6B119 /* Main.storyboard in Resources */ = {isa = PBXBuildFile; fileRef = 8375B2E52657D20500B6B119 /* Main.storyboard */; };
		8375B2E92657D20600B6B119 /* Assets.xcassets in Resources */ = {isa = PBXBuildFile; fileRef = 8375B2E82657D20600B6B119 /* Assets.xcassets */; };
		8375B2EC2657D20700B6B119 /* LaunchScreen.storyboard in Resources */ = {isa = PBXBuildFile; fileRef = 8375B2EA2657D20700B6B119 /* LaunchScreen.storyboard */; };
		8375B2F42657D22600B6B119 /* NetworkManager.swift in Sources */ = {isa = PBXBuildFile; fileRef = 8375B2F32657D22600B6B119 /* NetworkManager.swift */; };
		8375B2F62657D32900B6B119 /* Model.swift in Sources */ = {isa = PBXBuildFile; fileRef = 8375B2F52657D32900B6B119 /* Model.swift */; };
/* End PBXBuildFile section */

/* Begin PBXFileReference section */
		830EFAC826580AB00011682D /* TableViewCell.swift */ = {isa = PBXFileReference; lastKnownFileType = sourcecode.swift; path = TableViewCell.swift; sourceTree = "<group>"; };
		830EFACD2658239A0011682D /* DetailViewController.swift */ = {isa = PBXFileReference; lastKnownFileType = sourcecode.swift; path = DetailViewController.swift; sourceTree = "<group>"; };
		830EFACF26583C4A0011682D /* DetailView.swift */ = {isa = PBXFileReference; lastKnownFileType = sourcecode.swift; path = DetailView.swift; sourceTree = "<group>"; };
		830EFAD12658421C0011682D /* DetailTableViewCell.swift */ = {isa = PBXFileReference; lastKnownFileType = sourcecode.swift; path = DetailTableViewCell.swift; sourceTree = "<group>"; };
		8375B2DC2657D20500B6B119 /* RickAndMortyApp.app */ = {isa = PBXFileReference; explicitFileType = wrapper.application; includeInIndex = 0; path = RickAndMortyApp.app; sourceTree = BUILT_PRODUCTS_DIR; };
		8375B2DF2657D20500B6B119 /* AppDelegate.swift */ = {isa = PBXFileReference; lastKnownFileType = sourcecode.swift; path = AppDelegate.swift; sourceTree = "<group>"; };
		8375B2E12657D20500B6B119 /* SceneDelegate.swift */ = {isa = PBXFileReference; lastKnownFileType = sourcecode.swift; path = SceneDelegate.swift; sourceTree = "<group>"; };
		8375B2E32657D20500B6B119 /* ViewController.swift */ = {isa = PBXFileReference; lastKnownFileType = sourcecode.swift; path = ViewController.swift; sourceTree = "<group>"; };
		8375B2E62657D20500B6B119 /* Base */ = {isa = PBXFileReference; lastKnownFileType = file.storyboard; name = Base; path = Base.lproj/Main.storyboard; sourceTree = "<group>"; };
		8375B2E82657D20600B6B119 /* Assets.xcassets */ = {isa = PBXFileReference; lastKnownFileType = folder.assetcatalog; path = Assets.xcassets; sourceTree = "<group>"; };
		8375B2EB2657D20700B6B119 /* Base */ = {isa = PBXFileReference; lastKnownFileType = file.storyboard; name = Base; path = Base.lproj/LaunchScreen.storyboard; sourceTree = "<group>"; };
		8375B2ED2657D20700B6B119 /* Info.plist */ = {isa = PBXFileReference; lastKnownFileType = text.plist.xml; path = Info.plist; sourceTree = "<group>"; };
		8375B2F32657D22600B6B119 /* NetworkManager.swift */ = {isa = PBXFileReference; lastKnownFileType = sourcecode.swift; path = NetworkManager.swift; sourceTree = "<group>"; };
		8375B2F52657D32900B6B119 /* Model.swift */ = {isa = PBXFileReference; lastKnownFileType = sourcecode.swift; path = Model.swift; sourceTree = "<group>"; };
/* End PBXFileReference section */

/* Begin PBXFrameworksBuildPhase section */
		8375B2D92657D20500B6B119 /* Frameworks */ = {
			isa = PBXFrameworksBuildPhase;
			buildActionMask = 2147483647;
			files = (
			);
			runOnlyForDeploymentPostprocessing = 0;
		};
/* End PBXFrameworksBuildPhase section */

/* Begin PBXGroup section */
		830EFACA2658232B0011682D /* Model */ = {
			isa = PBXGroup;
			children = (
				8375B2F52657D32900B6B119 /* Model.swift */,
				8375B2F32657D22600B6B119 /* NetworkManager.swift */,
			);
			path = Model;
			sourceTree = "<group>";
		};
		830EFACB2658233A0011682D /* View */ = {
			isa = PBXGroup;
			children = (
				830EFAC826580AB00011682D /* TableViewCell.swift */,
				830EFACF26583C4A0011682D /* DetailView.swift */,
				830EFAD12658421C0011682D /* DetailTableViewCell.swift */,
			);
			path = View;
			sourceTree = "<group>";
		};
		830EFACC265823430011682D /* ViewController */ = {
			isa = PBXGroup;
			children = (
				8375B2E32657D20500B6B119 /* ViewController.swift */,
				830EFACD2658239A0011682D /* DetailViewController.swift */,
			);
			path = ViewController;
			sourceTree = "<group>";
		};
		8375B2D32657D20500B6B119 = {
			isa = PBXGroup;
			children = (
				8375B2DE2657D20500B6B119 /* RickAndMortyApp */,
				8375B2DD2657D20500B6B119 /* Products */,
			);
			sourceTree = "<group>";
		};
		8375B2DD2657D20500B6B119 /* Products */ = {
			isa = PBXGroup;
			children = (
				8375B2DC2657D20500B6B119 /* RickAndMortyApp.app */,
			);
			name = Products;
			sourceTree = "<group>";
		};
		8375B2DE2657D20500B6B119 /* RickAndMortyApp */ = {
			isa = PBXGroup;
			children = (
				830EFACC265823430011682D /* ViewController */,
				830EFACB2658233A0011682D /* View */,
				830EFACA2658232B0011682D /* Model */,
				8375B2DF2657D20500B6B119 /* AppDelegate.swift */,
				8375B2E12657D20500B6B119 /* SceneDelegate.swift */,
				8375B2E52657D20500B6B119 /* Main.storyboard */,
				8375B2E82657D20600B6B119 /* Assets.xcassets */,
				8375B2EA2657D20700B6B119 /* LaunchScreen.storyboard */,
				8375B2ED2657D20700B6B119 /* Info.plist */,
			);
			path = RickAndMortyApp;
			sourceTree = "<group>";
		};
/* End PBXGroup section */

/* Begin PBXNativeTarget section */
		8375B2DB2657D20500B6B119 /* RickAndMortyApp */ = {
			isa = PBXNativeTarget;
			buildConfigurationList = 8375B2F02657D20700B6B119 /* Build configuration list for PBXNativeTarget "RickAndMortyApp" */;
			buildPhases = (
				8375B2D82657D20500B6B119 /* Sources */,
				8375B2D92657D20500B6B119 /* Frameworks */,
				8375B2DA2657D20500B6B119 /* Resources */,
			);
			buildRules = (
			);
			dependencies = (
			);
			name = RickAndMortyApp;
			productName = RickAndMortyApp;
			productReference = 8375B2DC2657D20500B6B119 /* RickAndMortyApp.app */;
			productType = "com.apple.product-type.application";
		};
/* End PBXNativeTarget section */

/* Begin PBXProject section */
		8375B2D42657D20500B6B119 /* Project object */ = {
			isa = PBXProject;
			attributes = {
				LastSwiftUpdateCheck = 1250;
				LastUpgradeCheck = 1250;
				TargetAttributes = {
					8375B2DB2657D20500B6B119 = {
						CreatedOnToolsVersion = 12.5;
					};
				};
			};
			buildConfigurationList = 8375B2D72657D20500B6B119 /* Build configuration list for PBXProject "RickAndMortyApp" */;
			compatibilityVersion = "Xcode 9.3";
			developmentRegion = en;
			hasScannedForEncodings = 0;
			knownRegions = (
				en,
				Base,
			);
			mainGroup = 8375B2D32657D20500B6B119;
			productRefGroup = 8375B2DD2657D20500B6B119 /* Products */;
			projectDirPath = "";
			projectRoot = "";
			targets = (
				8375B2DB2657D20500B6B119 /* RickAndMortyApp */,
			);
		};
/* End PBXProject section */

/* Begin PBXResourcesBuildPhase section */
		8375B2DA2657D20500B6B119 /* Resources */ = {
			isa = PBXResourcesBuildPhase;
			buildActionMask = 2147483647;
			files = (
				8375B2EC2657D20700B6B119 /* LaunchScreen.storyboard in Resources */,
				8375B2E92657D20600B6B119 /* Assets.xcassets in Resources */,
				8375B2E72657D20500B6B119 /* Main.storyboard in Resources */,
			);
			runOnlyForDeploymentPostprocessing = 0;
		};
/* End PBXResourcesBuildPhase section */

/* Begin PBXSourcesBuildPhase section */
		8375B2D82657D20500B6B119 /* Sources */ = {
			isa = PBXSourcesBuildPhase;
			buildActionMask = 2147483647;
			files = (
				830EFAD22658421C0011682D /* DetailTableViewCell.swift in Sources */,
				8375B2F62657D32900B6B119 /* Model.swift in Sources */,
				830EFAD026583C4A0011682D /* DetailView.swift in Sources */,
				8375B2F42657D22600B6B119 /* NetworkManager.swift in Sources */,
				8375B2E42657D20500B6B119 /* ViewController.swift in Sources */,
				830EFAC926580AB00011682D /* TableViewCell.swift in Sources */,
				8375B2E02657D20500B6B119 /* AppDelegate.swift in Sources */,
				8375B2E22657D20500B6B119 /* SceneDelegate.swift in Sources */,
				830EFACE2658239A0011682D /* DetailViewController.swift in Sources */,
			);
			runOnlyForDeploymentPostprocessing = 0;
		};
/* End PBXSourcesBuildPhase section */

/* Begin PBXVariantGroup section */
		8375B2E52657D20500B6B119 /* Main.storyboard */ = {
			isa = PBXVariantGroup;
			children = (
				8375B2E62657D20500B6B119 /* Base */,
			);
			name = Main.storyboard;
			sourceTree = "<group>";
		};
		8375B2EA2657D20700B6B119 /* LaunchScreen.storyboard */ = {
			isa = PBXVariantGroup;
			children = (
				8375B2EB2657D20700B6B119 /* Base */,
			);
			name = LaunchScreen.storyboard;
			sourceTree = "<group>";
		};
/* End PBXVariantGroup section */

/* Begin XCBuildConfiguration section */
		8375B2EE2657D20700B6B119 /* Debug */ = {
			isa = XCBuildConfiguration;
			buildSettings = {
				ALWAYS_SEARCH_USER_PATHS = NO;
				CLANG_ANALYZER_NONNULL = YES;
				CLANG_ANALYZER_NUMBER_OBJECT_CONVERSION = YES_AGGRESSIVE;
				CLANG_CXX_LANGUAGE_STANDARD = "gnu++14";
				CLANG_CXX_LIBRARY = "libc++";
				CLANG_ENABLE_MODULES = YES;
				CLANG_ENABLE_OBJC_ARC = YES;
				CLANG_ENABLE_OBJC_WEAK = YES;
				CLANG_WARN_BLOCK_CAPTURE_AUTORELEASING = YES;
				CLANG_WARN_BOOL_CONVERSION = YES;
				CLANG_WARN_COMMA = YES;
				CLANG_WARN_CONSTANT_CONVERSION = YES;
				CLANG_WARN_DEPRECATED_OBJC_IMPLEMENTATIONS = YES;
				CLANG_WARN_DIRECT_OBJC_ISA_USAGE = YES_ERROR;
				CLANG_WARN_DOCUMENTATION_COMMENTS = YES;
				CLANG_WARN_EMPTY_BODY = YES;
				CLANG_WARN_ENUM_CONVERSION = YES;
				CLANG_WARN_INFINITE_RECURSION = YES;
				CLANG_WARN_INT_CONVERSION = YES;
				CLANG_WARN_NON_LITERAL_NULL_CONVERSION = YES;
				CLANG_WARN_OBJC_IMPLICIT_RETAIN_SELF = YES;
				CLANG_WARN_OBJC_LITERAL_CONVERSION = YES;
				CLANG_WARN_OBJC_ROOT_CLASS = YES_ERROR;
				CLANG_WARN_QUOTED_INCLUDE_IN_FRAMEWORK_HEADER = YES;
				CLANG_WARN_RANGE_LOOP_ANALYSIS = YES;
				CLANG_WARN_STRICT_PROTOTYPES = YES;
				CLANG_WARN_SUSPICIOUS_MOVE = YES;
				CLANG_WARN_UNGUARDED_AVAILABILITY = YES_AGGRESSIVE;
				CLANG_WARN_UNREACHABLE_CODE = YES;
				CLANG_WARN__DUPLICATE_METHOD_MATCH = YES;
				COPY_PHASE_STRIP = NO;
				DEBUG_INFORMATION_FORMAT = dwarf;
				ENABLE_STRICT_OBJC_MSGSEND = YES;
				ENABLE_TESTABILITY = YES;
				GCC_C_LANGUAGE_STANDARD = gnu11;
				GCC_DYNAMIC_NO_PIC = NO;
				GCC_NO_COMMON_BLOCKS = YES;
				GCC_OPTIMIZATION_LEVEL = 0;
				GCC_PREPROCESSOR_DEFINITIONS = (
					"DEBUG=1",
					"$(inherited)",
				);
				GCC_WARN_64_TO_32_BIT_CONVERSION = YES;
				GCC_WARN_ABOUT_RETURN_TYPE = YES_ERROR;
				GCC_WARN_UNDECLARED_SELECTOR = YES;
				GCC_WARN_UNINITIALIZED_AUTOS = YES_AGGRESSIVE;
				GCC_WARN_UNUSED_FUNCTION = YES;
				GCC_WARN_UNUSED_VARIABLE = YES;
				IPHONEOS_DEPLOYMENT_TARGET = 14.1;
				MTL_ENABLE_DEBUG_INFO = INCLUDE_SOURCE;
				MTL_FAST_MATH = YES;
				ONLY_ACTIVE_ARCH = YES;
				SDKROOT = iphoneos;
				SWIFT_ACTIVE_COMPILATION_CONDITIONS = DEBUG;
				SWIFT_OPTIMIZATION_LEVEL = "-Onone";
			};
			name = Debug;
		};
		8375B2EF2657D20700B6B119 /* Release */ = {
			isa = XCBuildConfiguration;
			buildSettings = {
				ALWAYS_SEARCH_USER_PATHS = NO;
				CLANG_ANALYZER_NONNULL = YES;
				CLANG_ANALYZER_NUMBER_OBJECT_CONVERSION = YES_AGGRESSIVE;
				CLANG_CXX_LANGUAGE_STANDARD = "gnu++14";
				CLANG_CXX_LIBRARY = "libc++";
				CLANG_ENABLE_MODULES = YES;
				CLANG_ENABLE_OBJC_ARC = YES;
				CLANG_ENABLE_OBJC_WEAK = YES;
				CLANG_WARN_BLOCK_CAPTURE_AUTORELEASING = YES;
				CLANG_WARN_BOOL_CONVERSION = YES;
				CLANG_WARN_COMMA = YES;
				CLANG_WARN_CONSTANT_CONVERSION = YES;
				CLANG_WARN_DEPRECATED_OBJC_IMPLEMENTATIONS = YES;
				CLANG_WARN_DIRECT_OBJC_ISA_USAGE = YES_ERROR;
				CLANG_WARN_DOCUMENTATION_COMMENTS = YES;
				CLANG_WARN_EMPTY_BODY = YES;
				CLANG_WARN_ENUM_CONVERSION = YES;
				CLANG_WARN_INFINITE_RECURSION = YES;
				CLANG_WARN_INT_CONVERSION = YES;
				CLANG_WARN_NON_LITERAL_NULL_CONVERSION = YES;
				CLANG_WARN_OBJC_IMPLICIT_RETAIN_SELF = YES;
				CLANG_WARN_OBJC_LITERAL_CONVERSION = YES;
				CLANG_WARN_OBJC_ROOT_CLASS = YES_ERROR;
				CLANG_WARN_QUOTED_INCLUDE_IN_FRAMEWORK_HEADER = YES;
				CLANG_WARN_RANGE_LOOP_ANALYSIS = YES;
				CLANG_WARN_STRICT_PROTOTYPES = YES;
				CLANG_WARN_SUSPICIOUS_MOVE = YES;
				CLANG_WARN_UNGUARDED_AVAILABILITY = YES_AGGRESSIVE;
				CLANG_WARN_UNREACHABLE_CODE = YES;
				CLANG_WARN__DUPLICATE_METHOD_MATCH = YES;
				COPY_PHASE_STRIP = NO;
				DEBUG_INFORMATION_FORMAT = "dwarf-with-dsym";
				ENABLE_NS_ASSERTIONS = NO;
				ENABLE_STRICT_OBJC_MSGSEND = YES;
				GCC_C_LANGUAGE_STANDARD = gnu11;
				GCC_NO_COMMON_BLOCKS = YES;
				GCC_WARN_64_TO_32_BIT_CONVERSION = YES;
				GCC_WARN_ABOUT_RETURN_TYPE = YES_ERROR;
				GCC_WARN_UNDECLARED_SELECTOR = YES;
				GCC_WARN_UNINITIALIZED_AUTOS = YES_AGGRESSIVE;
				GCC_WARN_UNUSED_FUNCTION = YES;
				GCC_WARN_UNUSED_VARIABLE = YES;
				IPHONEOS_DEPLOYMENT_TARGET = 14.1;
				MTL_ENABLE_DEBUG_INFO = NO;
				MTL_FAST_MATH = YES;
				SDKROOT = iphoneos;
				SWIFT_COMPILATION_MODE = wholemodule;
				SWIFT_OPTIMIZATION_LEVEL = "-O";
				VALIDATE_PRODUCT = YES;
			};
			name = Release;
		};
		8375B2F12657D20700B6B119 /* Debug */ = {
			isa = XCBuildConfiguration;
			buildSettings = {
				ASSETCATALOG_COMPILER_APPICON_NAME = AppIcon;
				ASSETCATALOG_COMPILER_GLOBAL_ACCENT_COLOR_NAME = AccentColor;
				CODE_SIGN_STYLE = Automatic;
				DEVELOPMENT_TEAM = DK8A94C3H5;
				INFOPLIST_FILE = RickAndMortyApp/Info.plist;
				LD_RUNPATH_SEARCH_PATHS = (
					"$(inherited)",
					"@executable_path/Frameworks",
				);
				PRODUCT_BUNDLE_IDENTIFIER = hello.RickAndMortyApp;
				PRODUCT_NAME = "$(TARGET_NAME)";
				SWIFT_VERSION = 5.0;
				TARGETED_DEVICE_FAMILY = "1,2";
			};
			name = Debug;
		};
		8375B2F22657D20700B6B119 /* Release */ = {
			isa = XCBuildConfiguration;
			buildSettings = {
				ASSETCATALOG_COMPILER_APPICON_NAME = AppIcon;
				ASSETCATALOG_COMPILER_GLOBAL_ACCENT_COLOR_NAME = AccentColor;
				CODE_SIGN_STYLE = Automatic;
				DEVELOPMENT_TEAM = DK8A94C3H5;
				INFOPLIST_FILE = RickAndMortyApp/Info.plist;
				LD_RUNPATH_SEARCH_PATHS = (
					"$(inherited)",
					"@executable_path/Frameworks",
				);
				PRODUCT_BUNDLE_IDENTIFIER = hello.RickAndMortyApp;
				PRODUCT_NAME = "$(TARGET_NAME)";
				SWIFT_VERSION = 5.0;
				TARGETED_DEVICE_FAMILY = "1,2";
			};
			name = Release;
		};
/* End XCBuildConfiguration section */

/* Begin XCConfigurationList section */
		8375B2D72657D20500B6B119 /* Build configuration list for PBXProject "RickAndMortyApp" */ = {
			isa = XCConfigurationList;
			buildConfigurations = (
				8375B2EE2657D20700B6B119 /* Debug */,
				8375B2EF2657D20700B6B119 /* Release */,
			);
			defaultConfigurationIsVisible = 0;
			defaultConfigurationName = Release;
		};
		8375B2F02657D20700B6B119 /* Build configuration list for PBXNativeTarget "RickAndMortyApp" */ = {
			isa = XCConfigurationList;
			buildConfigurations = (
				8375B2F12657D20700B6B119 /* Debug */,
				8375B2F22657D20700B6B119 /* Release */,
			);
			defaultConfigurationIsVisible = 0;
			defaultConfigurationName = Release;
		};
/* End XCConfigurationList section */
	};
	rootObject = 8375B2D42657D20500B6B119 /* Project object */;
}
